
Microsoft Visual Studio Solution File, Format Version 12.00
# Visual Studio 15
VisualStudioVersion = 15.0.27130.2027
MinimumVisualStudioVersion = 10.0.40219.1
Project("{9A19103F-16F7-4668-BE54-9A1E7A4F7556}") = "netCoreTestWebApplication1", "netCoreTestWebApplication1\netCoreTestWebApplication1.csproj", "{8621FC65-B022-441A-AD44-9DC437BE80FB}"
EndProject
Project("{E53339B2-1760-4266-BCC7-CA923CBCF16C}") = "docker-compose", "docker-compose.dcproj", "{C8C716B9-A0A7-4FE6-BF59-05186C7D336D}"
EndProject
Global
	GlobalSection(SolutionConfigurationPlatforms) = preSolution
		Debug|Any CPU = Debug|Any CPU
		Release|Any CPU = Release|Any CPU
	EndGlobalSection
	GlobalSection(ProjectConfigurationPlatforms) = postSolution
		{8621FC65-B022-441A-AD44-9DC437BE80FB}.Debug|Any CPU.ActiveCfg = Debug|Any CPU
		{8621FC65-B022-441A-AD44-9DC437BE80FB}.Debug|Any CPU.Build.0 = Debug|Any CPU
		{8621FC65-B022-441A-AD44-9DC437BE80FB}.Release|Any CPU.ActiveCfg = Release|Any CPU
		{8621FC65-B022-441A-AD44-9DC437BE80FB}.Release|Any CPU.Build.0 = Release|Any CPU
		{C8C716B9-A0A7-4FE6-BF59-05186C7D336D}.Debug|Any CPU.ActiveCfg = Debug|Any CPU
		{C8C716B9-A0A7-4FE6-BF59-05186C7D336D}.Debug|Any CPU.Build.0 = Debug|Any CPU
		{C8C716B9-A0A7-4FE6-BF59-05186C7D336D}.Release|Any CPU.ActiveCfg = Release|Any CPU
		{C8C716B9-A0A7-4FE6-BF59-05186C7D336D}.Release|Any CPU.Build.0 = Release|Any CPU
	EndGlobalSection
	GlobalSection(SolutionProperties) = preSolution
		HideSolutionNode = FALSE
	EndGlobalSection
	GlobalSection(ExtensibilityGlobals) = postSolution
		SolutionGuid = {C6EB9205-6C2A-4657-9FD7-43DF4DFDF1A1}
	EndGlobalSection
EndGlobal
